<?xml version="1.0" encoding="UTF-8"?>
<CodeBlocks_project_file>
	<FileVersion major="1" minor="6"/>
	<Project>
		<Option title="tiny-aes"/>
		<Option makefile_is_custom="1"/>
		<Option compiler="gcc"/>
		<Option virtualFolders="CMake Files\;CMake Files\libaesdemo\;CMake Files\libaesdemo\tinyAES\;CMake Files\aesdemo\;"/>
		<Build>
			<Target title="all">
				<Option working_dir="/home/nicolasklier/Dokumente/Workspace/C++/AESDemo/libaesdemo/tinyAES"/>
				<Option type="4"/>
				<MakeCommands>
					<Build command="/usr/bin/make -f &quot;/home/nicolasklier/Dokumente/Workspace/C++/AESDemo/libaesdemo/tinyAES/Makefile&quot;  VERBOSE=1 all"/>
					<CompileFile command="/usr/bin/make -f &quot;/home/nicolasklier/Dokumente/Workspace/C++/AESDemo/libaesdemo/tinyAES/Makefile&quot;  VERBOSE=1 &quot;$file&quot;"/>
					<Clean command="/usr/bin/make -f &quot;/home/nicolasklier/Dokumente/Workspace/C++/AESDemo/libaesdemo/tinyAES/Makefile&quot;  VERBOSE=1 clean"/>
					<DistClean command="/usr/bin/make -f &quot;/home/nicolasklier/Dokumente/Workspace/C++/AESDemo/libaesdemo/tinyAES/Makefile&quot;  VERBOSE=1 clean"/>
				</MakeCommands>
			</Target>
			<Target title="tiny-aes">
				<Option output="/home/nicolasklier/Dokumente/Workspace/C++/AESDemo/libaesdemo/tinyAES/libtiny-aes.a" prefix_auto="0" extension_auto="0"/>
				<Option working_dir="/home/nicolasklier/Dokumente/Workspace/C++/AESDemo/libaesdemo/tinyAES"/>
				<Option object_output="./"/>
				<Option type="2"/>
				<Option compiler="gcc"/>
				<Compiler/>
				<MakeCommands>
					<Build command="/usr/bin/make -f &quot;/home/nicolasklier/Dokumente/Workspace/C++/AESDemo/libaesdemo/tinyAES/Makefile&quot;  VERBOSE=1 tiny-aes"/>
					<CompileFile command="/usr/bin/make -f &quot;/home/nicolasklier/Dokumente/Workspace/C++/AESDemo/libaesdemo/tinyAES/Makefile&quot;  VERBOSE=1 &quot;$file&quot;"/>
					<Clean command="/usr/bin/make -f &quot;/home/nicolasklier/Dokumente/Workspace/C++/AESDemo/libaesdemo/tinyAES/Makefile&quot;  VERBOSE=1 clean"/>
					<DistClean command="/usr/bin/make -f &quot;/home/nicolasklier/Dokumente/Workspace/C++/AESDemo/libaesdemo/tinyAES/Makefile&quot;  VERBOSE=1 clean"/>
				</MakeCommands>
			</Target>
			<Target title="tiny-aes/fast">
				<Option output="/home/nicolasklier/Dokumente/Workspace/C++/AESDemo/libaesdemo/tinyAES/libtiny-aes.a" prefix_auto="0" extension_auto="0"/>
				<Option working_dir="/home/nicolasklier/Dokumente/Workspace/C++/AESDemo/libaesdemo/tinyAES"/>
				<Option object_output="./"/>
				<Option type="2"/>
				<Option compiler="gcc"/>
				<Compiler/>
				<MakeCommands>
					<Build command="/usr/bin/make -f &quot;/home/nicolasklier/Dokumente/Workspace/C++/AESDemo/libaesdemo/tinyAES/Makefile&quot;  VERBOSE=1 tiny-aes/fast"/>
					<CompileFile command="/usr/bin/make -f &quot;/home/nicolasklier/Dokumente/Workspace/C++/AESDemo/libaesdemo/tinyAES/Makefile&quot;  VERBOSE=1 &quot;$file&quot;"/>
					<Clean command="/usr/bin/make -f &quot;/home/nicolasklier/Dokumente/Workspace/C++/AESDemo/libaesdemo/tinyAES/Makefile&quot;  VERBOSE=1 clean"/>
					<DistClean command="/usr/bin/make -f &quot;/home/nicolasklier/Dokumente/Workspace/C++/AESDemo/libaesdemo/tinyAES/Makefile&quot;  VERBOSE=1 clean"/>
				</MakeCommands>
			</Target>
		</Build>
		<Unit filename="/home/nicolasklier/Dokumente/Workspace/C++/AESDemo/libaesdemo/tinyAES/aes.c">
			<Option target="tiny-aes"/>
		</Unit>
		<Unit filename="/home/nicolasklier/Dokumente/Workspace/C++/AESDemo/libaesdemo/tinyAES/aes.h">
			<Option target="tiny-aes"/>
		</Unit>
		<Unit filename="/home/nicolasklier/Dokumente/Workspace/C++/AESDemo/libaesdemo/tinyAES/pkcs7_padding.c">
			<Option target="tiny-aes"/>
		</Unit>
		<Unit filename="/home/nicolasklier/Dokumente/Workspace/C++/AESDemo/libaesdemo/tinyAES/pkcs7_padding.h">
			<Option target="tiny-aes"/>
		</Unit>
		<Unit filename="/home/nicolasklier/Dokumente/Workspace/C++/AESDemo/CMakeLists.txt">
			<Option virtualFolder="CMake Files\"/>
		</Unit>
		<Unit filename="/home/nicolasklier/Dokumente/Workspace/C++/AESDemo/libaesdemo/CMakeLists.txt">
			<Option virtualFolder="CMake Files\libaesdemo\"/>
		</Unit>
		<Unit filename="/home/nicolasklier/Dokumente/Workspace/C++/AESDemo/libaesdemo/tinyAES/CMakeLists.txt">
			<Option virtualFolder="CMake Files\libaesdemo\tinyAES\"/>
		</Unit>
		<Unit filename="/home/nicolasklier/Dokumente/Workspace/C++/AESDemo/aesdemo/CMakeLists.txt">
			<Option virtualFolder="CMake Files\aesdemo\"/>
		</Unit>
	</Project>
</CodeBlocks_project_file>
